PODS:
  - Down (0.11.0)
  - IBLocalizable (1.3.0)

DEPENDENCIES:
  - Down (= 0.11.0)
  - IBLocalizable (= 1.3.0)

SPEC REPOS:
  trunk:
    - Down
    - IBLocalizable

SPEC CHECKSUMS:
  Down: b6ba1bc985c9d2f4e15e3b293d2207766fa12612
  IBLocalizable: bebcf04d98f422a2544f2b000d19387dfe8c317b

PODFILE CHECKSUM: 06b7e3f3fea7e574af03369961fba881ca8eaf5b

COCOAPODS: 1.13.0
